
Microsoft Visual Studio Solution File, Format Version 12.00
# Visual Studio 15
VisualStudioVersion = 15.0.28307.329
MinimumVisualStudioVersion = 10.0.40219.1
Project("{FAE04EC0-301F-11D3-BF4B-00C04F79EFBC}") = "UserMigrationUI", "UserMigrationUI\UserMigrationUI.csproj", "{1982A100-56D0-41E6-B3FE-BF4E0142CBA0}"
EndProject
Global
	GlobalSection(SolutionConfigurationPlatforms) = preSolution
		Debug|Any CPU = Debug|Any CPU
		Release|Any CPU = Release|Any CPU
	EndGlobalSection
	GlobalSection(ProjectConfigurationPlatforms) = postSolution
		{1982A100-56D0-41E6-B3FE-BF4E0142CBA0}.Debug|Any CPU.ActiveCfg = Debug|Any CPU
		{1982A100-56D0-41E6-B3FE-BF4E0142CBA0}.Debug|Any CPU.Build.0 = Debug|Any CPU
		{1982A100-56D0-41E6-B3FE-BF4E0142CBA0}.Release|Any CPU.ActiveCfg = Release|Any CPU
		{1982A100-56D0-41E6-B3FE-BF4E0142CBA0}.Release|Any CPU.Build.0 = Release|Any CPU
	EndGlobalSection
	GlobalSection(SolutionProperties) = preSolution
		HideSolutionNode = FALSE
	EndGlobalSection
	GlobalSection(ExtensibilityGlobals) = postSolution
		SolutionGuid = {9C4BFE4E-9F64-4824-B8A3-FAD0FAB239E9}
	EndGlobalSection
EndGlobal
